Microsoft Visual Studio Solution File, Format Version 12.00
# Visual Studio Version 17
VisualStudioVersion = 17.1.31911.260
MinimumVisualStudioVersion = 10.0.40219.1
Project("{9A19103F-16F7-4668-BE54-9A1E7A4F7556}") = "FrozenCollections", "FrozenCollections\FrozenCollections.csproj", "{474CBB97-C106-4E50-A2EF-D8CF1A008D81}"
EndProject
Project("{9A19103F-16F7-4668-BE54-9A1E7A4F7556}") = "FrozenCollections.Bench", "FrozenCollections.Bench\FrozenCollections.Bench.csproj", "{00327F79-C98B-489C-BF17-0759C4E2D4AE}"
EndProject
Project("{2150E333-8FDC-42A3-9474-1A3956D46DE8}") = "Solution Items", "Solution Items", "{D6E6A598-78B4-4B4D-A877-346EF4B6CA59}"
	ProjectSection(SolutionItems) = preProject
		README.md = README.md
	EndProjectSection
EndProject
Project("{FAE04EC0-301F-11D3-BF4B-00C04F79EFBC}") = "FrozenCollections.Test", "FrozenCollections.Test\FrozenCollections.Test.csproj", "{7FFA012A-9C55-472E-8D33-E7CE53EC239A}"
EndProject
Global
	GlobalSection(SolutionConfigurationPlatforms) = preSolution
		Debug|Any CPU = Debug|Any CPU
		Release|Any CPU = Release|Any CPU
	EndGlobalSection
	GlobalSection(ProjectConfigurationPlatforms) = postSolution
		{474CBB97-C106-4E50-A2EF-D8CF1A008D81}.Debug|Any CPU.ActiveCfg = Debug|Any CPU
		{474CBB97-C106-4E50-A2EF-D8CF1A008D81}.Debug|Any CPU.Build.0 = Debug|Any CPU
		{474CBB97-C106-4E50-A2EF-D8CF1A008D81}.Release|Any CPU.ActiveCfg = Release|Any CPU
		{474CBB97-C106-4E50-A2EF-D8CF1A008D81}.Release|Any CPU.Build.0 = Release|Any CPU
		{00327F79-C98B-489C-BF17-0759C4E2D4AE}.Debug|Any CPU.ActiveCfg = Debug|Any CPU
		{00327F79-C98B-489C-BF17-0759C4E2D4AE}.Debug|Any CPU.Build.0 = Debug|Any CPU
		{00327F79-C98B-489C-BF17-0759C4E2D4AE}.Release|Any CPU.ActiveCfg = Release|Any CPU
		{00327F79-C98B-489C-BF17-0759C4E2D4AE}.Release|Any CPU.Build.0 = Release|Any CPU
		{7FFA012A-9C55-472E-8D33-E7CE53EC239A}.Debug|Any CPU.ActiveCfg = Debug|Any CPU
		{7FFA012A-9C55-472E-8D33-E7CE53EC239A}.Debug|Any CPU.Build.0 = Debug|Any CPU
		{7FFA012A-9C55-472E-8D33-E7CE53EC239A}.Release|Any CPU.ActiveCfg = Release|Any CPU
		{7FFA012A-9C55-472E-8D33-E7CE53EC239A}.Release|Any CPU.Build.0 = Release|Any CPU
	EndGlobalSection
	GlobalSection(SolutionProperties) = preSolution
		HideSolutionNode = FALSE
	EndGlobalSection
	GlobalSection(ExtensibilityGlobals) = postSolution
		SolutionGuid = {76F9A04A-6BD8-4C6D-B37D-E0D86A405FA6}
	EndGlobalSection
EndGlobal
